[[package]]
name = "backports.shutil-which"
version = "3.5.2"
description = "Backport of shutil.which from Python 3.3"
category = "main"
optional = false
python-versions = "*"

[[package]]
name = "certifi"
version = "2020.12.5"
description = "Python package for providing Mozilla's CA Bundle."
category = "main"
optional = false
python-versions = "*"

[[package]]
name = "chardet"
version = "4.0.0"
description = "Universal encoding detector for Python 2 and 3"
category = "main"
optional = false
python-versions = ">=2.7, !=3.0.*, !=3.1.*, !=3.2.*, !=3.3.*, !=3.4.*"

[[package]]
name = "colorama"
version = "0.4.4"
description = "Cross-platform colored terminal text."
category = "main"
optional = false
python-versions = ">=2.7, !=3.0.*, !=3.1.*, !=3.2.*, !=3.3.*, !=3.4.*"

[[package]]
name = "idna"
version = "2.10"
description = "Internationalized Domain Names in Applications (IDNA)"
category = "main"
optional = false
python-versions = ">=2.7, !=3.0.*, !=3.1.*, !=3.2.*, !=3.3.*"

[[package]]
name = "protobuf"
version = "3.15.1"
description = "Protocol Buffers"
category = "main"
optional = false
python-versions = "*"

[package.dependencies]
six = ">=1.9"

[[package]]
name = "pytz"
version = "2021.1"
description = "World timezone definitions, modern and historical"
category = "main"
optional = false
python-versions = "*"

[[package]]
name = "requests"
version = "2.25.1"
description = "Python HTTP for Humans."
category = "main"
optional = false
python-versions = ">=2.7, !=3.0.*, !=3.1.*, !=3.2.*, !=3.3.*, !=3.4.*"

[package.dependencies]
certifi = ">=2017.4.17"
chardet = ">=3.0.2,<5"
idna = ">=2.5,<3"
urllib3 = ">=1.21.1,<1.27"

[package.extras]
security = ["pyOpenSSL (>=0.14)", "cryptography (>=1.3.4)"]
socks = ["PySocks (>=1.5.6,!=1.5.7)", "win-inet-pton"]

[[package]]
name = "six"
version = "1.15.0"
description = "Python 2 and 3 compatibility utilities"
category = "main"
optional = false
python-versions = ">=2.7, !=3.0.*, !=3.1.*, !=3.2.*"

[[package]]
name = "urllib3"
version = "1.26.3"
description = "HTTP library with thread-safe connection pooling, file post, and more."
category = "main"
optional = false
python-versions = ">=2.7, !=3.0.*, !=3.1.*, !=3.2.*, !=3.3.*, !=3.4.*, <4"

[package.extras]
brotli = ["brotlipy (>=0.6.0)"]
secure = ["pyOpenSSL (>=0.14)", "cryptography (>=1.3.4)", "idna (>=2.0.0)", "certifi", "ipaddress"]
socks = ["PySocks (>=1.5.6,!=1.5.7,<2.0)"]

[[package]]
name = "vmprof"
version = "0.4.15"
description = "Python's vmprof client"
category = "main"
optional = false
python-versions = "*"

[package.dependencies]
"backports.shutil_which" = "*"
colorama = "*"
pytz = "*"
requests = "*"
six = "*"

[metadata]
lock-version = "1.1"
python-versions = "^3.8"
content-hash = "29ae215c4ff985a24315e7bbc2eb0803b3cb39555531961d52a37cdbcaa5c043"

[metadata.files]
"backports.shutil-which" = [
    {file = "backports.shutil_which-3.5.2-py2.py3-none-any.whl", hash = "sha256:dc627fb2bc40f8ad7e012d7d9a59ed0cb1b74a9510ed936b3f9358b7ac6d4d31"},
    {file = "backports.shutil_which-3.5.2.tar.gz", hash = "sha256:fe39f567cbe4fad89e8ac4dbeb23f87ef80f7fe8e829669d0221ecdb0437c133"},
]
certifi = [
    {file = "certifi-2020.12.5-py2.py3-none-any.whl", hash = "sha256:719a74fb9e33b9bd44cc7f3a8d94bc35e4049deebe19ba7d8e108280cfd59830"},
    {file = "certifi-2020.12.5.tar.gz", hash = "sha256:1a4995114262bffbc2413b159f2a1a480c969de6e6eb13ee966d470af86af59c"},
]
chardet = [
    {file = "chardet-4.0.0-py2.py3-none-any.whl", hash = "sha256:f864054d66fd9118f2e67044ac8981a54775ec5b67aed0441892edb553d21da5"},
    {file = "chardet-4.0.0.tar.gz", hash = "sha256:0d6f53a15db4120f2b08c94f11e7d93d2c911ee118b6b30a04ec3ee8310179fa"},
]
colorama = [
    {file = "colorama-0.4.4-py2.py3-none-any.whl", hash = "sha256:9f47eda37229f68eee03b24b9748937c7dc3868f906e8ba69fbcbdd3bc5dc3e2"},
    {file = "colorama-0.4.4.tar.gz", hash = "sha256:5941b2b48a20143d2267e95b1c2a7603ce057ee39fd88e7329b0c292aa16869b"},
]
idna = [
    {file = "idna-2.10-py2.py3-none-any.whl", hash = "sha256:b97d804b1e9b523befed77c48dacec60e6dcb0b5391d57af6a65a312a90648c0"},
    {file = "idna-2.10.tar.gz", hash = "sha256:b307872f855b18632ce0c21c5e45be78c0ea7ae4c15c828c20788b26921eb3f6"},
]
protobuf = [
    {file = "protobuf-3.15.1-cp27-cp27m-macosx_10_9_x86_64.whl", hash = "sha256:a8cccf2d2df2675f10a47f963f8010516f6aff09db7d134b0b0e57422ce07f78"},
    {file = "protobuf-3.15.1-cp27-cp27mu-manylinux1_x86_64.whl", hash = "sha256:f49a1721f2a3d72466aa19f095cc3fe2883b5e1868f4a1e9f51043df8ecb0140"},
    {file = "protobuf-3.15.1-cp35-cp35m-macosx_10_9_intel.whl", hash = "sha256:509fba6d57f0c1dc483f91754a33a5d8632da1bf75d87b6c127bcf0e3966fa44"},
    {file = "protobuf-3.15.1-cp35-cp35m-manylinux1_x86_64.whl", hash = "sha256:03f6ee325710eb164bd85741721fbd4326c399b0ecf49dddba9172df9149c124"},
    {file = "protobuf-3.15.1-cp35-cp35m-win32.whl", hash = "sha256:d3797255e8fbf234477332864f0304222b2492dfd91e95e6314326dbf0e235e2"},
    {file = "protobuf-3.15.1-cp35-cp35m-win_amd64.whl", hash = "sha256:5810e9e3851ab8aa28624bdc947f9236ce7ec2be2f63b88b373fdc92791fbf86"},
    {file = "protobuf-3.15.1-cp36-cp36m-macosx_10_9_x86_64.whl", hash = "sha256:17a26d5a7757211ce60032f0111dd426d4e5f44145ac6e86fa241e0cffe9df17"},
    {file = "protobuf-3.15.1-cp36-cp36m-manylinux1_x86_64.whl", hash = "sha256:0644b70bc9d36329438de0da619e3337ab4eade784a9acc6ba8e5ed22f2e9e50"},
    {file = "protobuf-3.15.1-cp36-cp36m-win32.whl", hash = "sha256:d52494780f89d1277f982c209197ce1da91d416c27ba9f4495d339ac6a3bac02"},
    {file = "protobuf-3.15.1-cp36-cp36m-win_amd64.whl", hash = "sha256:28daf1c44cf11c70f3852bd13f8fc6f7f1f211abbf068ffbeb25f8e4e2f6c98b"},
    {file = "protobuf-3.15.1-cp37-cp37m-macosx_10_9_x86_64.whl", hash = "sha256:c70647b71385302efb615d25c643f1b92784201f7b4ed2d9ff472e4c869ccad5"},
    {file = "protobuf-3.15.1-cp37-cp37m-manylinux1_x86_64.whl", hash = "sha256:de2e543ffb1701ea8fe7077ba571dbaa1980876d1817f6a70b984064dcb20e6f"},
    {file = "protobuf-3.15.1-cp37-cp37m-win32.whl", hash = "sha256:3188af446c544df79525d66e2d987490053262b81226fc6fa3f00556135f7e8a"},
    {file = "protobuf-3.15.1-cp37-cp37m-win_amd64.whl", hash = "sha256:edae67da507393f377555531cb7afa1714c75a84404f3541ef5df36ce3637768"},
    {file = "protobuf-3.15.1-cp38-cp38-macosx_10_9_x86_64.whl", hash = "sha256:d7576c8b59288c5feea161d9ed74925d26759963b51f850d8eadd7a88b4e0ddf"},
    {file = "protobuf-3.15.1-cp38-cp38-manylinux1_x86_64.whl", hash = "sha256:0938b13c2a5ad0ce2b75c19dc0c2082f721a61b97d3f11d73ee4412dfb6e06eb"},
    {file = "protobuf-3.15.1-cp39-cp39-macosx_10_9_x86_64.whl", hash = "sha256:165071fdfaf4d7ff7a70d2197bba048fb301c7b957095eedf4bf8379d904adb1"},
    {file = "protobuf-3.15.1-cp39-cp39-manylinux1_x86_64.whl", hash = "sha256:60fd96bc77293d9770d133cdbf3af9ff2373ce11d2055d2ca581db2330fe6805"},
    {file = "protobuf-3.15.1-py2.py3-none-any.whl", hash = "sha256:763a9444bafd2204cdeb29be54147ce7cfae04df805161507426c215a461ae6e"},
    {file = "protobuf-3.15.1.tar.gz", hash = "sha256:824dbae3390fcc3ea1bf96748e6da951a601802894cf7e1465e72b4732538cab"},
]
pytz = [
    {file = "pytz-2021.1-py2.py3-none-any.whl", hash = "sha256:eb10ce3e7736052ed3623d49975ce333bcd712c7bb19a58b9e2089d4057d0798"},
    {file = "pytz-2021.1.tar.gz", hash = "sha256:83a4a90894bf38e243cf052c8b58f381bfe9a7a483f6a9cab140bc7f702ac4da"},
]
requests = [
    {file = "requests-2.25.1-py2.py3-none-any.whl", hash = "sha256:c210084e36a42ae6b9219e00e48287def368a26d03a048ddad7bfee44f75871e"},
    {file = "requests-2.25.1.tar.gz", hash = "sha256:27973dd4a904a4f13b263a19c866c13b92a39ed1c964655f025f3f8d3d75b804"},
]
six = [
    {file = "six-1.15.0-py2.py3-none-any.whl", hash = "sha256:8b74bedcbbbaca38ff6d7491d76f2b06b3592611af620f8426e82dddb04a5ced"},
    {file = "six-1.15.0.tar.gz", hash = "sha256:30639c035cdb23534cd4aa2dd52c3bf48f06e5f4a941509c8bafd8ce11080259"},
]
urllib3 = [
    {file = "urllib3-1.26.3-py2.py3-none-any.whl", hash = "sha256:1b465e494e3e0d8939b50680403e3aedaa2bc434b7d5af64dfd3c958d7f5ae80"},
    {file = "urllib3-1.26.3.tar.gz", hash = "sha256:de3eedaad74a2683334e282005cd8d7f22f4d55fa690a2a1020a416cb0a47e73"},
]
vmprof = [
    {file = "vmprof-0.4.15-cp27-cp27m-macosx_10_10_x86_64.whl", hash = "sha256:09e3a6b1e584967bcc06406bd04e9a484a61734c49a32e3fab79595605981265"},
    {file = "vmprof-0.4.15-cp27-cp27m-manylinux1_i686.whl", hash = "sha256:419b47d3867b289e454d34a2ddbe05028961f795fe5e6f105b09f293a8f7326d"},
    {file = "vmprof-0.4.15-cp27-cp27m-manylinux1_x86_64.whl", hash = "sha256:0ce3cffa060bed61aced485caacf675d273bab5706884740ec4e350885cd66fe"},
    {file = "vmprof-0.4.15-cp27-cp27mu-manylinux1_i686.whl", hash = "sha256:36781e29b79de366fe1019d0a866968db0418541f4e32e503d06f5253b92b8ae"},
    {file = "vmprof-0.4.15-cp27-cp27mu-manylinux1_x86_64.whl", hash = "sha256:8733a0e19110e870516842192ce5787a3a5a3b26a57eba91dda5fe677fee667c"},
    {file = "vmprof-0.4.15-cp34-cp34m-macosx_10_10_x86_64.whl", hash = "sha256:53f8838ca9aef15d4b8ce6f19d37b1d867e8c15000d4aea2b4842091a9aece23"},
    {file = "vmprof-0.4.15-cp34-cp34m-manylinux1_i686.whl", hash = "sha256:c9f017809f8f70c864962c86e3f07bc7d3baec1f3cc9071ef4658acbc11126f6"},
    {file = "vmprof-0.4.15-cp34-cp34m-manylinux1_x86_64.whl", hash = "sha256:84c7311f7d11273ab7673f562cb9d8738e031fe9899f3449fb29b28912502674"},
    {file = "vmprof-0.4.15-cp35-cp35m-macosx_10_10_x86_64.whl", hash = "sha256:f5bbf926338c2759858d7ce258270cc2df902571522da3e26415c541124be706"},
    {file = "vmprof-0.4.15-cp35-cp35m-manylinux1_i686.whl", hash = "sha256:6b07e300b52e18b07daf3df09b217c87ccc2c641d609ee386547bf8d511e85c6"},
    {file = "vmprof-0.4.15-cp35-cp35m-manylinux1_x86_64.whl", hash = "sha256:6608b50df4e44ee691acd9746761b1ab5e914d7d209e02fd7f935fbad2f5d125"},
    {file = "vmprof-0.4.15-cp36-cp36m-macosx_10_10_x86_64.whl", hash = "sha256:1f40b27d64a25a338ba5c4ce7f3c774124aec861b97da345206502cbbb7c5d7b"},
    {file = "vmprof-0.4.15-cp36-cp36m-manylinux1_i686.whl", hash = "sha256:927e3a58261e7bc1559226696991772bee596c3a950b6811a773a6131c303e5a"},
    {file = "vmprof-0.4.15-cp36-cp36m-manylinux1_x86_64.whl", hash = "sha256:921bd840e1fec6eea842e76498d64d130e0d98ab59be745a36187b557ae6c787"},
    {file = "vmprof-0.4.15.tar.gz", hash = "sha256:a2d872a40196404386d1e0d960e97b37c86c3f72a4f9d5a2b5f9ca1adaff5b62"},
]
